PODS:
  - Flutter (1.0.0)
  - integration_test (0.0.1):
    - Flutter
  - realtime_network (0.0.1):
    - Flutter

DEPENDENCIES:
  - Flutter (from `Flutter`)
  - integration_test (from `.symlinks/plugins/integration_test/ios`)
  - realtime_network (from `.symlinks/plugins/realtime_network/ios`)

EXTERNAL SOURCES:
  Flutter:
    :path: Flutter
  integration_test:
    :path: ".symlinks/plugins/integration_test/ios"
  realtime_network:
    :path: ".symlinks/plugins/realtime_network/ios"

SPEC CHECKSUMS:
  Flutter: cabc95a1d2626b1b06e7179b784ebcf0c0cde467
  integration_test: 252f60fa39af5e17c3aa9899d35d908a0721b573
  realtime_network: 90e742cb7ccb8ac503bb37567323bb37784ac2fc

PODFILE CHECKSUM: 3c63482e143d1b91d2d2560aee9fb04ecc74ac7e

COCOAPODS: 1.15.2
